# THIS IS AN AUTOGENERATED FILE. DO NOT EDIT THIS FILE DIRECTLY.
# yarn lockfile v1


now@^16.2.0:
  version "16.2.0"
  resolved "https://registry.yarnpkg.com/now/-/now-16.2.0.tgz#5f778a335e4da2ffa1f0e3754cc6c765b6685a99"
  integrity sha512-yzPtLJj7O1ngH3uNqEN6Eq3pR4rfBvq9qYRzG+whfhhQ8NA8molLwLVTPIlCLJuPu8zQnv48bJs2+EYs+n1NOA==

prettier@^1.18.2:
  version "1.18.2"
  resolved "https://registry.yarnpkg.com/prettier/-/prettier-1.18.2.tgz#6823e7c5900017b4bd3acf46fe9ac4b4d7bda9ea"
  integrity sha512-OeHeMc0JhFE9idD4ZdtNibzY0+TPHSpSSb9h8FqtP+YnoZZ1sl8Vc9b1sasjfymH3SonAF4QcA2+mzHPhMvIiw==
