# THIS IS AN AUTOGENERATED FILE. DO NOT EDIT THIS FILE DIRECTLY.
# yarn lockfile v1


now@^16.4.0:
  version "16.4.0"
  resolved "https://registry.yarnpkg.com/now/-/now-16.4.0.tgz#4f852d820925ef25f2eb767f6c07f55378713612"
  integrity sha512-4k4PzuwPrvAFQToBDr+mWDlICPmSMwCFndFC91NjQix/bqScvmOozM8c8VEHAlPi6y45ee2tCXJhvymX7dCeoQ==

prettier@^1.18.2:
  version "1.18.2"
  resolved "https://registry.yarnpkg.com/prettier/-/prettier-1.18.2.tgz#6823e7c5900017b4bd3acf46fe9ac4b4d7bda9ea"
  integrity sha512-OeHeMc0JhFE9idD4ZdtNibzY0+TPHSpSSb9h8FqtP+YnoZZ1sl8Vc9b1sasjfymH3SonAF4QcA2+mzHPhMvIiw==
